
Microsoft Visual Studio Solution File, Format Version 12.00
# Visual Studio Express 14 for Windows Desktop
VisualStudioVersion = 14.0.24720.0
MinimumVisualStudioVersion = 10.0.40219.1
Project("{FAE04EC0-301F-11D3-BF4B-00C04F79EFBC}") = "Kurs", "Kurs\Kurs.csproj", "{ECB5F7B3-04F2-4D94-8D04-AB7D04F375AD}"
EndProject
Global
	GlobalSection(SolutionConfigurationPlatforms) = preSolution
		Debug|Any CPU = Debug|Any CPU
		Release|Any CPU = Release|Any CPU
	EndGlobalSection
	GlobalSection(ProjectConfigurationPlatforms) = postSolution
		{ECB5F7B3-04F2-4D94-8D04-AB7D04F375AD}.Debug|Any CPU.ActiveCfg = Debug|Any CPU
		{ECB5F7B3-04F2-4D94-8D04-AB7D04F375AD}.Debug|Any CPU.Build.0 = Debug|Any CPU
		{ECB5F7B3-04F2-4D94-8D04-AB7D04F375AD}.Release|Any CPU.ActiveCfg = Release|Any CPU
		{ECB5F7B3-04F2-4D94-8D04-AB7D04F375AD}.Release|Any CPU.Build.0 = Release|Any CPU
	EndGlobalSection
	GlobalSection(SolutionProperties) = preSolution
		HideSolutionNode = FALSE
	EndGlobalSection
EndGlobal
